
Microsoft Visual Studio Solution File, Format Version 12.00
# Visual Studio Version 17
VisualStudioVersion = 17.14.36414.22 d17.14
MinimumVisualStudioVersion = 10.0.40219.1
Project("{FAE04EC0-301F-11D3-BF4B-00C04F79EFBC}") = "TaskManager", "TaskManager\TaskManager.csproj", "{701C7D47-5419-4F4D-A805-F0DA25276930}"
EndProject
Project("{FAE04EC0-301F-11D3-BF4B-00C04F79EFBC}") = "TaskManager.Tests", "TaskManager.Tests\TaskManager.Tests.csproj", "{9124B647-56EB-4730-863E-5942AACCDA7B}"
EndProject
Global
	GlobalSection(SolutionConfigurationPlatforms) = preSolution
		Debug|Any CPU = Debug|Any CPU
		Release|Any CPU = Release|Any CPU
	EndGlobalSection
	GlobalSection(ProjectConfigurationPlatforms) = postSolution
		{701C7D47-5419-4F4D-A805-F0DA25276930}.Debug|Any CPU.ActiveCfg = Debug|Any CPU
		{701C7D47-5419-4F4D-A805-F0DA25276930}.Debug|Any CPU.Build.0 = Debug|Any CPU
		{701C7D47-5419-4F4D-A805-F0DA25276930}.Release|Any CPU.ActiveCfg = Release|Any CPU
		{701C7D47-5419-4F4D-A805-F0DA25276930}.Release|Any CPU.Build.0 = Release|Any CPU
		{9124B647-56EB-4730-863E-5942AACCDA7B}.Debug|Any CPU.ActiveCfg = Debug|Any CPU
		{9124B647-56EB-4730-863E-5942AACCDA7B}.Debug|Any CPU.Build.0 = Debug|Any CPU
		{9124B647-56EB-4730-863E-5942AACCDA7B}.Release|Any CPU.ActiveCfg = Release|Any CPU
		{9124B647-56EB-4730-863E-5942AACCDA7B}.Release|Any CPU.Build.0 = Release|Any CPU
	EndGlobalSection
	GlobalSection(SolutionProperties) = preSolution
		HideSolutionNode = FALSE
	EndGlobalSection
	GlobalSection(ExtensibilityGlobals) = postSolution
		SolutionGuid = {885059F0-02BD-443A-AE02-A015E9E6EDC6}
	EndGlobalSection
EndGlobal
